
Microsoft Visual Studio Solution File, Format Version 12.00
# Visual Studio 15
Project("{FAE04EC0-301F-11D3-BF4B-00C04F79EFBC}") = "Assembly-CSharp-Editor", "Assembly-CSharp-Editor.csproj", "{2B65742C-50EF-71B3-1E0F-09CD843AFCC6}"
EndProject
Project("{FAE04EC0-301F-11D3-BF4B-00C04F79EFBC}") = "Assembly-CSharp", "Assembly-CSharp.csproj", "{B64CC0B2-9347-F024-E5E4-2EC7AB5BFC6E}"
EndProject
Global
	GlobalSection(SolutionConfigurationPlatforms) = preSolution
		Debug|Any CPU = Debug|Any CPU
		Release|Any CPU = Release|Any CPU
	EndGlobalSection
	GlobalSection(ProjectConfigurationPlatforms) = postSolution
		{2B65742C-50EF-71B3-1E0F-09CD843AFCC6}.Debug|Any CPU.ActiveCfg = Debug|Any CPU
		{2B65742C-50EF-71B3-1E0F-09CD843AFCC6}.Debug|Any CPU.Build.0 = Debug|Any CPU
		{2B65742C-50EF-71B3-1E0F-09CD843AFCC6}.Release|Any CPU.ActiveCfg = Release|Any CPU
		{2B65742C-50EF-71B3-1E0F-09CD843AFCC6}.Release|Any CPU.Build.0 = Release|Any CPU
		{B64CC0B2-9347-F024-E5E4-2EC7AB5BFC6E}.Debug|Any CPU.ActiveCfg = Debug|Any CPU
		{B64CC0B2-9347-F024-E5E4-2EC7AB5BFC6E}.Debug|Any CPU.Build.0 = Debug|Any CPU
		{B64CC0B2-9347-F024-E5E4-2EC7AB5BFC6E}.Release|Any CPU.ActiveCfg = Release|Any CPU
		{B64CC0B2-9347-F024-E5E4-2EC7AB5BFC6E}.Release|Any CPU.Build.0 = Release|Any CPU
	EndGlobalSection
	GlobalSection(SolutionProperties) = preSolution
		HideSolutionNode = FALSE
	EndGlobalSection
EndGlobal
